// !$*UTF8*$!
{
	archiveVersion = 1;
	classes = {
	};
	objectVersion = 46;
	objects = {

/* Begin PBXBuildFile section */
		D89848D11D395A1E00AAC825 /* CombinedViewController.swift in Sources */ = {isa = PBXBuildFile; fileRef = D89848D01D395A1E00AAC825 /* CombinedViewController.swift */; };
		D89848D31D397D5000AAC825 /* actionable.mp3 in Resources */ = {isa = PBXBuildFile; fileRef = D89848D21D397D5000AAC825 /* actionable.mp3 */; };
		D8C650211D380A7900AD99FD /* AppDelegate.swift in Sources */ = {isa = PBXBuildFile; fileRef = D8C650201D380A7900AD99FD /* AppDelegate.swift */; };
		D8C650261D380A7900AD99FD /* Main.storyboard in Resources */ = {isa = PBXBuildFile; fileRef = D8C650241D380A7900AD99FD /* Main.storyboard */; };
		D8C650281D380A7900AD99FD /* Assets.xcassets in Resources */ = {isa = PBXBuildFile; fileRef = D8C650271D380A7900AD99FD /* Assets.xcassets */; };
		D8C6502B1D380A7900AD99FD /* LaunchScreen.storyboard in Resources */ = {isa = PBXBuildFile; fileRef = D8C650291D380A7900AD99FD /* LaunchScreen.storyboard */; };
		D8C650331D380ABD00AD99FD /* BackgroundPicViewController.swift in Sources */ = {isa = PBXBuildFile; fileRef = D8C650321D380ABD00AD99FD /* BackgroundPicViewController.swift */; };
		D8C650351D383FF600AD99FD /* CameraViewController.swift in Sources */ = {isa = PBXBuildFile; fileRef = D8C650341D383FF600AD99FD /* CameraViewController.swift */; };
/* End PBXBuildFile section */

/* Begin PBXFileReference section */
		D89848D01D395A1E00AAC825 /* CombinedViewController.swift */ = {isa = PBXFileReference; fileEncoding = 4; lastKnownFileType = sourcecode.swift; path = CombinedViewController.swift; sourceTree = "<group>"; };
		D89848D21D397D5000AAC825 /* actionable.mp3 */ = {isa = PBXFileReference; lastKnownFileType = audio.mp3; path = actionable.mp3; sourceTree = "<group>"; };
		D8C6501D1D380A7900AD99FD /* BirthDay1stVC.app */ = {isa = PBXFileReference; explicitFileType = wrapper.application; includeInIndex = 0; path = BirthDay1stVC.app; sourceTree = BUILT_PRODUCTS_DIR; };
		D8C650201D380A7900AD99FD /* AppDelegate.swift */ = {isa = PBXFileReference; lastKnownFileType = sourcecode.swift; path = AppDelegate.swift; sourceTree = "<group>"; };
		D8C650251D380A7900AD99FD /* Base */ = {isa = PBXFileReference; lastKnownFileType = file.storyboard; name = Base; path = Base.lproj/Main.storyboard; sourceTree = "<group>"; };
		D8C650271D380A7900AD99FD /* Assets.xcassets */ = {isa = PBXFileReference; lastKnownFileType = folder.assetcatalog; path = Assets.xcassets; sourceTree = "<group>"; };
		D8C6502A1D380A7900AD99FD /* Base */ = {isa = PBXFileReference; lastKnownFileType = file.storyboard; name = Base; path = Base.lproj/LaunchScreen.storyboard; sourceTree = "<group>"; };
		D8C6502C1D380A7900AD99FD /* Info.plist */ = {isa = PBXFileReference; lastKnownFileType = text.plist.xml; path = Info.plist; sourceTree = "<group>"; };
		D8C650321D380ABD00AD99FD /* BackgroundPicViewController.swift */ = {isa = PBXFileReference; fileEncoding = 4; lastKnownFileType = sourcecode.swift; path = BackgroundPicViewController.swift; sourceTree = "<group>"; };
		D8C650341D383FF600AD99FD /* CameraViewController.swift */ = {isa = PBXFileReference; fileEncoding = 4; lastKnownFileType = sourcecode.swift; path = CameraViewController.swift; sourceTree = "<group>"; };
/* End PBXFileReference section */

/* Begin PBXFrameworksBuildPhase section */
		D8C6501A1D380A7900AD99FD /* Frameworks */ = {
			isa = PBXFrameworksBuildPhase;
			buildActionMask = 2147483647;
			files = (
			);
			runOnlyForDeploymentPostprocessing = 0;
		};
/* End PBXFrameworksBuildPhase section */

/* Begin PBXGroup section */
		D89848D41D39852700AAC825 /* Controllers */ = {
			isa = PBXGroup;
			children = (
				D8C650321D380ABD00AD99FD /* BackgroundPicViewController.swift */,
				D8C650341D383FF600AD99FD /* CameraViewController.swift */,
				D89848D01D395A1E00AAC825 /* CombinedViewController.swift */,
			);
			name = Controllers;
			sourceTree = "<group>";
		};
		D8C650141D380A7900AD99FD = {
			isa = PBXGroup;
			children = (
				D8C6501F1D380A7900AD99FD /* BirthDay1stVC */,
				D8C6501E1D380A7900AD99FD /* Products */,
			);
			sourceTree = "<group>";
		};
		D8C6501E1D380A7900AD99FD /* Products */ = {
			isa = PBXGroup;
			children = (
				D8C6501D1D380A7900AD99FD /* BirthDay1stVC.app */,
			);
			name = Products;
			sourceTree = "<group>";
		};
		D8C6501F1D380A7900AD99FD /* BirthDay1stVC */ = {
			isa = PBXGroup;
			children = (
				D8C650201D380A7900AD99FD /* AppDelegate.swift */,
				D89848D41D39852700AAC825 /* Controllers */,
				D8C650241D380A7900AD99FD /* Main.storyboard */,
				D89848D21D397D5000AAC825 /* actionable.mp3 */,
				D8C650271D380A7900AD99FD /* Assets.xcassets */,
				D8C650291D380A7900AD99FD /* LaunchScreen.storyboard */,
				D8C6502C1D380A7900AD99FD /* Info.plist */,
			);
			path = BirthDay1stVC;
			sourceTree = "<group>";
		};
/* End PBXGroup section */

/* Begin PBXNativeTarget section */
		D8C6501C1D380A7900AD99FD /* BirthDay1stVC */ = {
			isa = PBXNativeTarget;
			buildConfigurationList = D8C6502F1D380A7900AD99FD /* Build configuration list for PBXNativeTarget "BirthDay1stVC" */;
			buildPhases = (
				D8C650191D380A7900AD99FD /* Sources */,
				D8C6501A1D380A7900AD99FD /* Frameworks */,
				D8C6501B1D380A7900AD99FD /* Resources */,
			);
			buildRules = (
			);
			dependencies = (
			);
			name = BirthDay1stVC;
			productName = BirthDay1stVC;
			productReference = D8C6501D1D380A7900AD99FD /* BirthDay1stVC.app */;
			productType = "com.apple.product-type.application";
		};
/* End PBXNativeTarget section */

/* Begin PBXProject section */
		D8C650151D380A7900AD99FD /* Project object */ = {
			isa = PBXProject;
			attributes = {
				LastSwiftUpdateCheck = 0730;
				LastUpgradeCheck = 0730;
				ORGANIZATIONNAME = "Iron Yard_Joe Moss";
				TargetAttributes = {
					D8C6501C1D380A7900AD99FD = {
						CreatedOnToolsVersion = 7.3.1;
					};
				};
			};
			buildConfigurationList = D8C650181D380A7900AD99FD /* Build configuration list for PBXProject "BirthDay1stVC" */;
			compatibilityVersion = "Xcode 3.2";
			developmentRegion = English;
			hasScannedForEncodings = 0;
			knownRegions = (
				en,
				Base,
			);
			mainGroup = D8C650141D380A7900AD99FD;
			productRefGroup = D8C6501E1D380A7900AD99FD /* Products */;
			projectDirPath = "";
			projectRoot = "";
			targets = (
				D8C6501C1D380A7900AD99FD /* BirthDay1stVC */,
			);
		};
/* End PBXProject section */

/* Begin PBXResourcesBuildPhase section */
		D8C6501B1D380A7900AD99FD /* Resources */ = {
			isa = PBXResourcesBuildPhase;
			buildActionMask = 2147483647;
			files = (
				D8C6502B1D380A7900AD99FD /* LaunchScreen.storyboard in Resources */,
				D8C650281D380A7900AD99FD /* Assets.xcassets in Resources */,
				D89848D31D397D5000AAC825 /* actionable.mp3 in Resources */,
				D8C650261D380A7900AD99FD /* Main.storyboard in Resources */,
			);
			runOnlyForDeploymentPostprocessing = 0;
		};
/* End PBXResourcesBuildPhase section */

/* Begin PBXSourcesBuildPhase section */
		D8C650191D380A7900AD99FD /* Sources */ = {
			isa = PBXSourcesBuildPhase;
			buildActionMask = 2147483647;
			files = (
				D8C650211D380A7900AD99FD /* AppDelegate.swift in Sources */,
				D8C650331D380ABD00AD99FD /* BackgroundPicViewController.swift in Sources */,
				D8C650351D383FF600AD99FD /* CameraViewController.swift in Sources */,
				D89848D11D395A1E00AAC825 /* CombinedViewController.swift in Sources */,
			);
			runOnlyForDeploymentPostprocessing = 0;
		};
/* End PBXSourcesBuildPhase section */

/* Begin PBXVariantGroup section */
		D8C650241D380A7900AD99FD /* Main.storyboard */ = {
			isa = PBXVariantGroup;
			children = (
				D8C650251D380A7900AD99FD /* Base */,
			);
			name = Main.storyboard;
			sourceTree = "<group>";
		};
		D8C650291D380A7900AD99FD /* LaunchScreen.storyboard */ = {
			isa = PBXVariantGroup;
			children = (
				D8C6502A1D380A7900AD99FD /* Base */,
			);
			name = LaunchScreen.storyboard;
			sourceTree = "<group>";
		};
/* End PBXVariantGroup section */

/* Begin XCBuildConfiguration section */
		D8C6502D1D380A7900AD99FD /* Debug */ = {
			isa = XCBuildConfiguration;
			buildSettings = {
				ALWAYS_SEARCH_USER_PATHS = NO;
				CLANG_ANALYZER_NONNULL = YES;
				CLANG_CXX_LANGUAGE_STANDARD = "gnu++0x";
				CLANG_CXX_LIBRARY = "libc++";
				CLANG_ENABLE_MODULES = YES;
				CLANG_ENABLE_OBJC_ARC = YES;
				CLANG_WARN_BOOL_CONVERSION = YES;
				CLANG_WARN_CONSTANT_CONVERSION = YES;
				CLANG_WARN_DIRECT_OBJC_ISA_USAGE = YES_ERROR;
				CLANG_WARN_EMPTY_BODY = YES;
				CLANG_WARN_ENUM_CONVERSION = YES;
				CLANG_WARN_INT_CONVERSION = YES;
				CLANG_WARN_OBJC_ROOT_CLASS = YES_ERROR;
				CLANG_WARN_UNREACHABLE_CODE = YES;
				CLANG_WARN__DUPLICATE_METHOD_MATCH = YES;
				"CODE_SIGN_IDENTITY[sdk=iphoneos*]" = "iPhone Developer";
				COPY_PHASE_STRIP = NO;
				DEBUG_INFORMATION_FORMAT = dwarf;
				ENABLE_STRICT_OBJC_MSGSEND = YES;
				ENABLE_TESTABILITY = YES;
				GCC_C_LANGUAGE_STANDARD = gnu99;
				GCC_DYNAMIC_NO_PIC = NO;
				GCC_NO_COMMON_BLOCKS = YES;
				GCC_OPTIMIZATION_LEVEL = 0;
				GCC_PREPROCESSOR_DEFINITIONS = (
					"DEBUG=1",
					"$(inherited)",
				);
				GCC_WARN_64_TO_32_BIT_CONVERSION = YES;
				GCC_WARN_ABOUT_RETURN_TYPE = YES_ERROR;
				GCC_WARN_UNDECLARED_SELECTOR = YES;
				GCC_WARN_UNINITIALIZED_AUTOS = YES_AGGRESSIVE;
				GCC_WARN_UNUSED_FUNCTION = YES;
				GCC_WARN_UNUSED_VARIABLE = YES;
				IPHONEOS_DEPLOYMENT_TARGET = 9.3;
				MTL_ENABLE_DEBUG_INFO = YES;
				ONLY_ACTIVE_ARCH = YES;
				SDKROOT = iphoneos;
				SWIFT_OPTIMIZATION_LEVEL = "-Onone";
			};
			name = Debug;
		};
		D8C6502E1D380A7900AD99FD /* Release */ = {
			isa = XCBuildConfiguration;
			buildSettings = {
				ALWAYS_SEARCH_USER_PATHS = NO;
				CLANG_ANALYZER_NONNULL = YES;
				CLANG_CXX_LANGUAGE_STANDARD = "gnu++0x";
				CLANG_CXX_LIBRARY = "libc++";
				CLANG_ENABLE_MODULES = YES;
				CLANG_ENABLE_OBJC_ARC = YES;
				CLANG_WARN_BOOL_CONVERSION = YES;
				CLANG_WARN_CONSTANT_CONVERSION = YES;
				CLANG_WARN_DIRECT_OBJC_ISA_USAGE = YES_ERROR;
				CLANG_WARN_EMPTY_BODY = YES;
				CLANG_WARN_ENUM_CONVERSION = YES;
				CLANG_WARN_INT_CONVERSION = YES;
				CLANG_WARN_OBJC_ROOT_CLASS = YES_ERROR;
				CLANG_WARN_UNREACHABLE_CODE = YES;
				CLANG_WARN__DUPLICATE_METHOD_MATCH = YES;
				"CODE_SIGN_IDENTITY[sdk=iphoneos*]" = "iPhone Developer";
				COPY_PHASE_STRIP = NO;
				DEBUG_INFORMATION_FORMAT = "dwarf-with-dsym";
				ENABLE_NS_ASSERTIONS = NO;
				ENABLE_STRICT_OBJC_MSGSEND = YES;
				GCC_C_LANGUAGE_STANDARD = gnu99;
				GCC_NO_COMMON_BLOCKS = YES;
				GCC_WARN_64_TO_32_BIT_CONVERSION = YES;
				GCC_WARN_ABOUT_RETURN_TYPE = YES_ERROR;
				GCC_WARN_UNDECLARED_SELECTOR = YES;
				GCC_WARN_UNINITIALIZED_AUTOS = YES_AGGRESSIVE;
				GCC_WARN_UNUSED_FUNCTION = YES;
				GCC_WARN_UNUSED_VARIABLE = YES;
				IPHONEOS_DEPLOYMENT_TARGET = 9.3;
				MTL_ENABLE_DEBUG_INFO = NO;
				SDKROOT = iphoneos;
				VALIDATE_PRODUCT = YES;
			};
			name = Release;
		};
		D8C650301D380A7900AD99FD /* Debug */ = {
			isa = XCBuildConfiguration;
			buildSettings = {
				ASSETCATALOG_COMPILER_APPICON_NAME = AppIcon;
				INFOPLIST_FILE = BirthDay1stVC/Info.plist;
				LD_RUNPATH_SEARCH_PATHS = "$(inherited) @executable_path/Frameworks";
				PRODUCT_BUNDLE_IDENTIFIER = com.joe.BirthDay1stVC;
				PRODUCT_NAME = "$(TARGET_NAME)";
			};
			name = Debug;
		};
		D8C650311D380A7900AD99FD /* Release */ = {
			isa = XCBuildConfiguration;
			buildSettings = {
				ASSETCATALOG_COMPILER_APPICON_NAME = AppIcon;
				INFOPLIST_FILE = BirthDay1stVC/Info.plist;
				LD_RUNPATH_SEARCH_PATHS = "$(inherited) @executable_path/Frameworks";
				PRODUCT_BUNDLE_IDENTIFIER = com.joe.BirthDay1stVC;
				PRODUCT_NAME = "$(TARGET_NAME)";
			};
			name = Release;
		};
/* End XCBuildConfiguration section */

/* Begin XCConfigurationList section */
		D8C650181D380A7900AD99FD /* Build configuration list for PBXProject "BirthDay1stVC" */ = {
			isa = XCConfigurationList;
			buildConfigurations = (
				D8C6502D1D380A7900AD99FD /* Debug */,
				D8C6502E1D380A7900AD99FD /* Release */,
			);
			defaultConfigurationIsVisible = 0;
			defaultConfigurationName = Release;
		};
		D8C6502F1D380A7900AD99FD /* Build configuration list for PBXNativeTarget "BirthDay1stVC" */ = {
			isa = XCConfigurationList;
			buildConfigurations = (
				D8C650301D380A7900AD99FD /* Debug */,
				D8C650311D380A7900AD99FD /* Release */,
			);
			defaultConfigurationIsVisible = 0;
			defaultConfigurationName = Release;
		};
/* End XCConfigurationList section */
	};
	rootObject = D8C650151D380A7900AD99FD /* Project object */;
}
